
Microsoft Visual Studio Solution File, Format Version 12.00
# Visual Studio Version 16
VisualStudioVersion = 16.0.30621.155
MinimumVisualStudioVersion = 10.0.40219.1
Project("{9A19103F-16F7-4668-BE54-9A1E7A4F7556}") = "TicketsService", "TicketsService\TicketsService.csproj", "{9F54CEE2-F895-43D4-8AB9-DDD5077B8203}"
EndProject
Global
	GlobalSection(SolutionConfigurationPlatforms) = preSolution
		Debug|Any CPU = Debug|Any CPU
		Release|Any CPU = Release|Any CPU
	EndGlobalSection
	GlobalSection(ProjectConfigurationPlatforms) = postSolution
		{9F54CEE2-F895-43D4-8AB9-DDD5077B8203}.Debug|Any CPU.ActiveCfg = Debug|Any CPU
		{9F54CEE2-F895-43D4-8AB9-DDD5077B8203}.Debug|Any CPU.Build.0 = Debug|Any CPU
		{9F54CEE2-F895-43D4-8AB9-DDD5077B8203}.Release|Any CPU.ActiveCfg = Release|Any CPU
		{9F54CEE2-F895-43D4-8AB9-DDD5077B8203}.Release|Any CPU.Build.0 = Release|Any CPU
	EndGlobalSection
	GlobalSection(SolutionProperties) = preSolution
		HideSolutionNode = FALSE
	EndGlobalSection
	GlobalSection(ExtensibilityGlobals) = postSolution
		SolutionGuid = {7D27258E-93B3-424C-AA0F-65E61C0A09D9}
	EndGlobalSection
EndGlobal
